
Microsoft Visual Studio Solution File, Format Version 12.00
# Visual Studio Version 16
VisualStudioVersion = 16.0.29920.165
MinimumVisualStudioVersion = 10.0.40219.1
Project("{FAE04EC0-301F-11D3-BF4B-00C04F79EFBC}") = "SOFT262.Android", "SOFT262\SOFT262.Android\SOFT262.Android.csproj", "{32005141-2CED-487B-834D-9FEE0F7EA097}"
EndProject
Project("{FAE04EC0-301F-11D3-BF4B-00C04F79EFBC}") = "SOFT262.iOS", "SOFT262\SOFT262.iOS\SOFT262.iOS.csproj", "{3BD949E6-ECBC-443B-A6C4-58D864DD8EAC}"
EndProject
Project("{FAE04EC0-301F-11D3-BF4B-00C04F79EFBC}") = "SOFT262", "SOFT262\SOFT262\SOFT262.csproj", "{DE1A6FD1-1B60-456F-8E27-52AC363CBC4E}"
EndProject
Global
	GlobalSection(SolutionConfigurationPlatforms) = preSolution
		Debug|Any CPU = Debug|Any CPU
		Debug|iPhone = Debug|iPhone
		Debug|iPhoneSimulator = Debug|iPhoneSimulator
		Release|Any CPU = Release|Any CPU
		Release|iPhone = Release|iPhone
		Release|iPhoneSimulator = Release|iPhoneSimulator
	EndGlobalSection
	GlobalSection(ProjectConfigurationPlatforms) = postSolution
		{32005141-2CED-487B-834D-9FEE0F7EA097}.Debug|Any CPU.ActiveCfg = Debug|Any CPU
		{32005141-2CED-487B-834D-9FEE0F7EA097}.Debug|Any CPU.Build.0 = Debug|Any CPU
		{32005141-2CED-487B-834D-9FEE0F7EA097}.Debug|Any CPU.Deploy.0 = Debug|Any CPU
		{32005141-2CED-487B-834D-9FEE0F7EA097}.Debug|iPhone.ActiveCfg = Debug|Any CPU
		{32005141-2CED-487B-834D-9FEE0F7EA097}.Debug|iPhone.Build.0 = Debug|Any CPU
		{32005141-2CED-487B-834D-9FEE0F7EA097}.Debug|iPhone.Deploy.0 = Debug|Any CPU
		{32005141-2CED-487B-834D-9FEE0F7EA097}.Debug|iPhoneSimulator.ActiveCfg = Debug|Any CPU
		{32005141-2CED-487B-834D-9FEE0F7EA097}.Debug|iPhoneSimulator.Build.0 = Debug|Any CPU
		{32005141-2CED-487B-834D-9FEE0F7EA097}.Debug|iPhoneSimulator.Deploy.0 = Debug|Any CPU
		{32005141-2CED-487B-834D-9FEE0F7EA097}.Release|Any CPU.ActiveCfg = Release|Any CPU
		{32005141-2CED-487B-834D-9FEE0F7EA097}.Release|Any CPU.Build.0 = Release|Any CPU
		{32005141-2CED-487B-834D-9FEE0F7EA097}.Release|Any CPU.Deploy.0 = Release|Any CPU
		{32005141-2CED-487B-834D-9FEE0F7EA097}.Release|iPhone.ActiveCfg = Release|Any CPU
		{32005141-2CED-487B-834D-9FEE0F7EA097}.Release|iPhone.Build.0 = Release|Any CPU
		{32005141-2CED-487B-834D-9FEE0F7EA097}.Release|iPhone.Deploy.0 = Release|Any CPU
		{32005141-2CED-487B-834D-9FEE0F7EA097}.Release|iPhoneSimulator.ActiveCfg = Release|Any CPU
		{32005141-2CED-487B-834D-9FEE0F7EA097}.Release|iPhoneSimulator.Build.0 = Release|Any CPU
		{32005141-2CED-487B-834D-9FEE0F7EA097}.Release|iPhoneSimulator.Deploy.0 = Release|Any CPU
		{3BD949E6-ECBC-443B-A6C4-58D864DD8EAC}.Debug|Any CPU.ActiveCfg = Debug|iPhone
		{3BD949E6-ECBC-443B-A6C4-58D864DD8EAC}.Debug|Any CPU.Build.0 = Debug|iPhone
		{3BD949E6-ECBC-443B-A6C4-58D864DD8EAC}.Debug|Any CPU.Deploy.0 = Debug|iPhone
		{3BD949E6-ECBC-443B-A6C4-58D864DD8EAC}.Debug|iPhone.ActiveCfg = Debug|iPhone
		{3BD949E6-ECBC-443B-A6C4-58D864DD8EAC}.Debug|iPhone.Build.0 = Debug|iPhone
		{3BD949E6-ECBC-443B-A6C4-58D864DD8EAC}.Debug|iPhone.Deploy.0 = Debug|iPhone
		{3BD949E6-ECBC-443B-A6C4-58D864DD8EAC}.Debug|iPhoneSimulator.ActiveCfg = Debug|iPhoneSimulator
		{3BD949E6-ECBC-443B-A6C4-58D864DD8EAC}.Debug|iPhoneSimulator.Build.0 = Debug|iPhoneSimulator
		{3BD949E6-ECBC-443B-A6C4-58D864DD8EAC}.Debug|iPhoneSimulator.Deploy.0 = Debug|iPhoneSimulator
		{3BD949E6-ECBC-443B-A6C4-58D864DD8EAC}.Release|Any CPU.ActiveCfg = Release|iPhone
		{3BD949E6-ECBC-443B-A6C4-58D864DD8EAC}.Release|Any CPU.Build.0 = Release|iPhone
		{3BD949E6-ECBC-443B-A6C4-58D864DD8EAC}.Release|Any CPU.Deploy.0 = Release|iPhone
		{3BD949E6-ECBC-443B-A6C4-58D864DD8EAC}.Release|iPhone.ActiveCfg = Release|iPhone
		{3BD949E6-ECBC-443B-A6C4-58D864DD8EAC}.Release|iPhone.Build.0 = Release|iPhone
		{3BD949E6-ECBC-443B-A6C4-58D864DD8EAC}.Release|iPhone.Deploy.0 = Release|iPhone
		{3BD949E6-ECBC-443B-A6C4-58D864DD8EAC}.Release|iPhoneSimulator.ActiveCfg = Release|iPhoneSimulator
		{3BD949E6-ECBC-443B-A6C4-58D864DD8EAC}.Release|iPhoneSimulator.Build.0 = Release|iPhoneSimulator
		{3BD949E6-ECBC-443B-A6C4-58D864DD8EAC}.Release|iPhoneSimulator.Deploy.0 = Release|iPhoneSimulator
		{DE1A6FD1-1B60-456F-8E27-52AC363CBC4E}.Debug|Any CPU.ActiveCfg = Debug|Any CPU
		{DE1A6FD1-1B60-456F-8E27-52AC363CBC4E}.Debug|Any CPU.Build.0 = Debug|Any CPU
		{DE1A6FD1-1B60-456F-8E27-52AC363CBC4E}.Debug|Any CPU.Deploy.0 = Debug|Any CPU
		{DE1A6FD1-1B60-456F-8E27-52AC363CBC4E}.Debug|iPhone.ActiveCfg = Debug|Any CPU
		{DE1A6FD1-1B60-456F-8E27-52AC363CBC4E}.Debug|iPhone.Build.0 = Debug|Any CPU
		{DE1A6FD1-1B60-456F-8E27-52AC363CBC4E}.Debug|iPhone.Deploy.0 = Debug|Any CPU
		{DE1A6FD1-1B60-456F-8E27-52AC363CBC4E}.Debug|iPhoneSimulator.ActiveCfg = Debug|Any CPU
		{DE1A6FD1-1B60-456F-8E27-52AC363CBC4E}.Debug|iPhoneSimulator.Build.0 = Debug|Any CPU
		{DE1A6FD1-1B60-456F-8E27-52AC363CBC4E}.Debug|iPhoneSimulator.Deploy.0 = Debug|Any CPU
		{DE1A6FD1-1B60-456F-8E27-52AC363CBC4E}.Release|Any CPU.ActiveCfg = Release|Any CPU
		{DE1A6FD1-1B60-456F-8E27-52AC363CBC4E}.Release|Any CPU.Build.0 = Release|Any CPU
		{DE1A6FD1-1B60-456F-8E27-52AC363CBC4E}.Release|Any CPU.Deploy.0 = Release|Any CPU
		{DE1A6FD1-1B60-456F-8E27-52AC363CBC4E}.Release|iPhone.ActiveCfg = Release|Any CPU
		{DE1A6FD1-1B60-456F-8E27-52AC363CBC4E}.Release|iPhone.Build.0 = Release|Any CPU
		{DE1A6FD1-1B60-456F-8E27-52AC363CBC4E}.Release|iPhone.Deploy.0 = Release|Any CPU
		{DE1A6FD1-1B60-456F-8E27-52AC363CBC4E}.Release|iPhoneSimulator.ActiveCfg = Release|Any CPU
		{DE1A6FD1-1B60-456F-8E27-52AC363CBC4E}.Release|iPhoneSimulator.Build.0 = Release|Any CPU
		{DE1A6FD1-1B60-456F-8E27-52AC363CBC4E}.Release|iPhoneSimulator.Deploy.0 = Release|Any CPU
	EndGlobalSection
	GlobalSection(SolutionProperties) = preSolution
		HideSolutionNode = FALSE
	EndGlobalSection
	GlobalSection(ExtensibilityGlobals) = postSolution
		SolutionGuid = {D983ED35-DCCB-4AA6-B290-BCA74C138EF0}
	EndGlobalSection
EndGlobal
