
Microsoft Visual Studio Solution File, Format Version 12.00
# Visual Studio Version 16
VisualStudioVersion = 16.0.29920.165
MinimumVisualStudioVersion = 10.0.40219.1
Project("{FAE04EC0-301F-11D3-BF4B-00C04F79EFBC}") = "SetupForDB", "SetupForDB\SetupForDB.csproj", "{B90049D3-4514-43D2-B91F-BA9F19B91263}"
EndProject
Global
	GlobalSection(SolutionConfigurationPlatforms) = preSolution
		Debug|Any CPU = Debug|Any CPU
		Release|Any CPU = Release|Any CPU
	EndGlobalSection
	GlobalSection(ProjectConfigurationPlatforms) = postSolution
		{B90049D3-4514-43D2-B91F-BA9F19B91263}.Debug|Any CPU.ActiveCfg = Debug|Any CPU
		{B90049D3-4514-43D2-B91F-BA9F19B91263}.Debug|Any CPU.Build.0 = Debug|Any CPU
		{B90049D3-4514-43D2-B91F-BA9F19B91263}.Release|Any CPU.ActiveCfg = Release|Any CPU
		{B90049D3-4514-43D2-B91F-BA9F19B91263}.Release|Any CPU.Build.0 = Release|Any CPU
	EndGlobalSection
	GlobalSection(SolutionProperties) = preSolution
		HideSolutionNode = FALSE
	EndGlobalSection
	GlobalSection(ExtensibilityGlobals) = postSolution
		SolutionGuid = {2F277C79-997C-4C29-8E29-722FA019D679}
	EndGlobalSection
EndGlobal
